
Microsoft Visual Studio Solution File, Format Version 12.00
# Visual Studio Version 17
VisualStudioVersion = 17.0.31903.59
MinimumVisualStudioVersion = 10.0.40219.1
Project("{FAE04EC0-301F-11D3-BF4B-00C04F79EFBC}") = "JetBrainsHttpDemo.Api", "src/JetBrainsHttpDemo.Api/JetBrainsHttpDemo.Api.csproj", "{446F1353-DDF9-4868-810A-BD2BEEEA1466}"
EndProject
Project("{FAE04EC0-301F-11D3-BF4B-00C04F79EFBC}") = "JetBrainsHttpDemo.Api.Tests", "tests/JetBrainsHttpDemo.Api.Tests/JetBrainsHttpDemo.Api.Tests.csproj", "{9C062DB3-40A4-4E1F-80CF-EA7BC1F2517C}"
EndProject
Global
	GlobalSection(SolutionConfigurationPlatforms) = preSolution
		Debug|Any CPU = Debug|Any CPU
		Release|Any CPU = Release|Any CPU
	EndGlobalSection
	GlobalSection(ProjectConfigurationPlatforms) = postSolution
		{446F1353-DDF9-4868-810A-BD2BEEEA1466}.Debug|Any CPU.ActiveCfg = Debug|Any CPU
		{446F1353-DDF9-4868-810A-BD2BEEEA1466}.Debug|Any CPU.Build.0 = Debug|Any CPU
		{446F1353-DDF9-4868-810A-BD2BEEEA1466}.Release|Any CPU.ActiveCfg = Release|Any CPU
		{446F1353-DDF9-4868-810A-BD2BEEEA1466}.Release|Any CPU.Build.0 = Release|Any CPU
		{9C062DB3-40A4-4E1F-80CF-EA7BC1F2517C}.Debug|Any CPU.ActiveCfg = Debug|Any CPU
		{9C062DB3-40A4-4E1F-80CF-EA7BC1F2517C}.Debug|Any CPU.Build.0 = Debug|Any CPU
		{9C062DB3-40A4-4E1F-80CF-EA7BC1F2517C}.Release|Any CPU.ActiveCfg = Release|Any CPU
		{9C062DB3-40A4-4E1F-80CF-EA7BC1F2517C}.Release|Any CPU.Build.0 = Release|Any CPU
	EndGlobalSection
EndGlobal
